// !$*UTF8*$!
{
	archiveVersion = 1;
	classes = {
	};
	objectVersion = 46;
	objects = {

/* Begin PBXBuildFile section */
		1DFEA0F31DA0BEC000E16437 /* main.swift in Sources */ = {isa = PBXBuildFile; fileRef = 1DFEA0F21DA0BEC000E16437 /* main.swift */; };
		1DFEA0FA1DA0BECF00E16437 /* Employees.swift in Sources */ = {isa = PBXBuildFile; fileRef = 1DFEA0F91DA0BECF00E16437 /* Employees.swift */; };
		1DFEA0FC1DA0BF9E00E16437 /* DataSource.swift in Sources */ = {isa = PBXBuildFile; fileRef = 1DFEA0FB1DA0BF9E00E16437 /* DataSource.swift */; };
		1DFEA0FE1DA1403700E16437 /* EmployeeSearch.swift in Sources */ = {isa = PBXBuildFile; fileRef = 1DFEA0FD1DA1403700E16437 /* EmployeeSearch.swift */; };
		1DFEA1001DA1531300E16437 /* NewCo.swift in Sources */ = {isa = PBXBuildFile; fileRef = 1DFEA0FF1DA1531300E16437 /* NewCo.swift */; };
		1DFEA1021DA157E800E16437 /* Adapter.swift in Sources */ = {isa = PBXBuildFile; fileRef = 1DFEA1011DA157E800E16437 /* Adapter.swift */; };
		1DFEA1041DA1695C00E16437 /* TwoWayAdapter.swift in Sources */ = {isa = PBXBuildFile; fileRef = 1DFEA1031DA1695C00E16437 /* TwoWayAdapter.swift */; };
/* End PBXBuildFile section */

/* Begin PBXCopyFilesBuildPhase section */
		1DFEA0ED1DA0BEC000E16437 /* CopyFiles */ = {
			isa = PBXCopyFilesBuildPhase;
			buildActionMask = 2147483647;
			dstPath = /usr/share/man/man1/;
			dstSubfolderSpec = 0;
			files = (
			);
			runOnlyForDeploymentPostprocessing = 1;
		};
/* End PBXCopyFilesBuildPhase section */

/* Begin PBXFileReference section */
		1DFEA0EF1DA0BEC000E16437 /* Adapter */ = {isa = PBXFileReference; explicitFileType = "compiled.mach-o.executable"; includeInIndex = 0; path = Adapter; sourceTree = BUILT_PRODUCTS_DIR; };
		1DFEA0F21DA0BEC000E16437 /* main.swift */ = {isa = PBXFileReference; lastKnownFileType = sourcecode.swift; path = main.swift; sourceTree = "<group>"; };
		1DFEA0F91DA0BECF00E16437 /* Employees.swift */ = {isa = PBXFileReference; fileEncoding = 4; lastKnownFileType = sourcecode.swift; path = Employees.swift; sourceTree = "<group>"; };
		1DFEA0FB1DA0BF9E00E16437 /* DataSource.swift */ = {isa = PBXFileReference; fileEncoding = 4; lastKnownFileType = sourcecode.swift; path = DataSource.swift; sourceTree = "<group>"; };
		1DFEA0FD1DA1403700E16437 /* EmployeeSearch.swift */ = {isa = PBXFileReference; fileEncoding = 4; lastKnownFileType = sourcecode.swift; path = EmployeeSearch.swift; sourceTree = "<group>"; };
		1DFEA0FF1DA1531300E16437 /* NewCo.swift */ = {isa = PBXFileReference; fileEncoding = 4; lastKnownFileType = sourcecode.swift; path = NewCo.swift; sourceTree = "<group>"; };
		1DFEA1011DA157E800E16437 /* Adapter.swift */ = {isa = PBXFileReference; fileEncoding = 4; lastKnownFileType = sourcecode.swift; path = Adapter.swift; sourceTree = "<group>"; };
		1DFEA1031DA1695C00E16437 /* TwoWayAdapter.swift */ = {isa = PBXFileReference; fileEncoding = 4; lastKnownFileType = sourcecode.swift; path = TwoWayAdapter.swift; sourceTree = "<group>"; };
/* End PBXFileReference section */

/* Begin PBXFrameworksBuildPhase section */
		1DFEA0EC1DA0BEC000E16437 /* Frameworks */ = {
			isa = PBXFrameworksBuildPhase;
			buildActionMask = 2147483647;
			files = (
			);
			runOnlyForDeploymentPostprocessing = 0;
		};
/* End PBXFrameworksBuildPhase section */

/* Begin PBXGroup section */
		1DFEA0E61DA0BEC000E16437 = {
			isa = PBXGroup;
			children = (
				1DFEA0F11DA0BEC000E16437 /* Adapter */,
				1DFEA0F01DA0BEC000E16437 /* Products */,
			);
			sourceTree = "<group>";
		};
		1DFEA0F01DA0BEC000E16437 /* Products */ = {
			isa = PBXGroup;
			children = (
				1DFEA0EF1DA0BEC000E16437 /* Adapter */,
			);
			name = Products;
			sourceTree = "<group>";
		};
		1DFEA0F11DA0BEC000E16437 /* Adapter */ = {
			isa = PBXGroup;
			children = (
				1DFEA0F21DA0BEC000E16437 /* main.swift */,
				1DFEA0F91DA0BECF00E16437 /* Employees.swift */,
				1DFEA0FB1DA0BF9E00E16437 /* DataSource.swift */,
				1DFEA0FD1DA1403700E16437 /* EmployeeSearch.swift */,
				1DFEA0FF1DA1531300E16437 /* NewCo.swift */,
				1DFEA1011DA157E800E16437 /* Adapter.swift */,
				1DFEA1031DA1695C00E16437 /* TwoWayAdapter.swift */,
			);
			path = Adapter;
			sourceTree = "<group>";
		};
/* End PBXGroup section */

/* Begin PBXNativeTarget section */
		1DFEA0EE1DA0BEC000E16437 /* Adapter */ = {
			isa = PBXNativeTarget;
			buildConfigurationList = 1DFEA0F61DA0BEC000E16437 /* Build configuration list for PBXNativeTarget "Adapter" */;
			buildPhases = (
				1DFEA0EB1DA0BEC000E16437 /* Sources */,
				1DFEA0EC1DA0BEC000E16437 /* Frameworks */,
				1DFEA0ED1DA0BEC000E16437 /* CopyFiles */,
			);
			buildRules = (
			);
			dependencies = (
			);
			name = Adapter;
			productName = Adapter;
			productReference = 1DFEA0EF1DA0BEC000E16437 /* Adapter */;
			productType = "com.apple.product-type.tool";
		};
/* End PBXNativeTarget section */

/* Begin PBXProject section */
		1DFEA0E71DA0BEC000E16437 /* Project object */ = {
			isa = PBXProject;
			attributes = {
				LastSwiftUpdateCheck = 0800;
				LastUpgradeCheck = 0800;
				ORGANIZATIONNAME = "Peikang Hu";
				TargetAttributes = {
					1DFEA0EE1DA0BEC000E16437 = {
						CreatedOnToolsVersion = 8.0;
						ProvisioningStyle = Automatic;
					};
				};
			};
			buildConfigurationList = 1DFEA0EA1DA0BEC000E16437 /* Build configuration list for PBXProject "Adapter" */;
			compatibilityVersion = "Xcode 3.2";
			developmentRegion = English;
			hasScannedForEncodings = 0;
			knownRegions = (
				en,
			);
			mainGroup = 1DFEA0E61DA0BEC000E16437;
			productRefGroup = 1DFEA0F01DA0BEC000E16437 /* Products */;
			projectDirPath = "";
			projectRoot = "";
			targets = (
				1DFEA0EE1DA0BEC000E16437 /* Adapter */,
			);
		};
/* End PBXProject section */

/* Begin PBXSourcesBuildPhase section */
		1DFEA0EB1DA0BEC000E16437 /* Sources */ = {
			isa = PBXSourcesBuildPhase;
			buildActionMask = 2147483647;
			files = (
				1DFEA0F31DA0BEC000E16437 /* main.swift in Sources */,
				1DFEA1021DA157E800E16437 /* Adapter.swift in Sources */,
				1DFEA0FE1DA1403700E16437 /* EmployeeSearch.swift in Sources */,
				1DFEA1041DA1695C00E16437 /* TwoWayAdapter.swift in Sources */,
				1DFEA0FA1DA0BECF00E16437 /* Employees.swift in Sources */,
				1DFEA1001DA1531300E16437 /* NewCo.swift in Sources */,
				1DFEA0FC1DA0BF9E00E16437 /* DataSource.swift in Sources */,
			);
			runOnlyForDeploymentPostprocessing = 0;
		};
/* End PBXSourcesBuildPhase section */

/* Begin XCBuildConfiguration section */
		1DFEA0F41DA0BEC000E16437 /* Debug */ = {
			isa = XCBuildConfiguration;
			buildSettings = {
				ALWAYS_SEARCH_USER_PATHS = NO;
				CLANG_ANALYZER_NONNULL = YES;
				CLANG_CXX_LANGUAGE_STANDARD = "gnu++0x";
				CLANG_CXX_LIBRARY = "libc++";
				CLANG_ENABLE_MODULES = YES;
				CLANG_ENABLE_OBJC_ARC = YES;
				CLANG_WARN_BOOL_CONVERSION = YES;
				CLANG_WARN_CONSTANT_CONVERSION = YES;
				CLANG_WARN_DIRECT_OBJC_ISA_USAGE = YES_ERROR;
				CLANG_WARN_DOCUMENTATION_COMMENTS = YES;
				CLANG_WARN_EMPTY_BODY = YES;
				CLANG_WARN_ENUM_CONVERSION = YES;
				CLANG_WARN_INFINITE_RECURSION = YES;
				CLANG_WARN_INT_CONVERSION = YES;
				CLANG_WARN_OBJC_ROOT_CLASS = YES_ERROR;
				CLANG_WARN_SUSPICIOUS_MOVES = YES;
				CLANG_WARN_UNREACHABLE_CODE = YES;
				CLANG_WARN__DUPLICATE_METHOD_MATCH = YES;
				CODE_SIGN_IDENTITY = "-";
				COPY_PHASE_STRIP = NO;
				DEBUG_INFORMATION_FORMAT = dwarf;
				ENABLE_STRICT_OBJC_MSGSEND = YES;
				ENABLE_TESTABILITY = YES;
				GCC_C_LANGUAGE_STANDARD = gnu99;
				GCC_DYNAMIC_NO_PIC = NO;
				GCC_NO_COMMON_BLOCKS = YES;
				GCC_OPTIMIZATION_LEVEL = 0;
				GCC_PREPROCESSOR_DEFINITIONS = (
					"DEBUG=1",
					"$(inherited)",
				);
				GCC_WARN_64_TO_32_BIT_CONVERSION = YES;
				GCC_WARN_ABOUT_RETURN_TYPE = YES_ERROR;
				GCC_WARN_UNDECLARED_SELECTOR = YES;
				GCC_WARN_UNINITIALIZED_AUTOS = YES_AGGRESSIVE;
				GCC_WARN_UNUSED_FUNCTION = YES;
				GCC_WARN_UNUSED_VARIABLE = YES;
				MACOSX_DEPLOYMENT_TARGET = 10.12;
				MTL_ENABLE_DEBUG_INFO = YES;
				ONLY_ACTIVE_ARCH = YES;
				SDKROOT = macosx;
				SWIFT_OPTIMIZATION_LEVEL = "-Onone";
			};
			name = Debug;
		};
		1DFEA0F51DA0BEC000E16437 /* Release */ = {
			isa = XCBuildConfiguration;
			buildSettings = {
				ALWAYS_SEARCH_USER_PATHS = NO;
				CLANG_ANALYZER_NONNULL = YES;
				CLANG_CXX_LANGUAGE_STANDARD = "gnu++0x";
				CLANG_CXX_LIBRARY = "libc++";
				CLANG_ENABLE_MODULES = YES;
				CLANG_ENABLE_OBJC_ARC = YES;
				CLANG_WARN_BOOL_CONVERSION = YES;
				CLANG_WARN_CONSTANT_CONVERSION = YES;
				CLANG_WARN_DIRECT_OBJC_ISA_USAGE = YES_ERROR;
				CLANG_WARN_DOCUMENTATION_COMMENTS = YES;
				CLANG_WARN_EMPTY_BODY = YES;
				CLANG_WARN_ENUM_CONVERSION = YES;
				CLANG_WARN_INFINITE_RECURSION = YES;
				CLANG_WARN_INT_CONVERSION = YES;
				CLANG_WARN_OBJC_ROOT_CLASS = YES_ERROR;
				CLANG_WARN_SUSPICIOUS_MOVES = YES;
				CLANG_WARN_UNREACHABLE_CODE = YES;
				CLANG_WARN__DUPLICATE_METHOD_MATCH = YES;
				CODE_SIGN_IDENTITY = "-";
				COPY_PHASE_STRIP = NO;
				DEBUG_INFORMATION_FORMAT = "dwarf-with-dsym";
				ENABLE_NS_ASSERTIONS = NO;
				ENABLE_STRICT_OBJC_MSGSEND = YES;
				GCC_C_LANGUAGE_STANDARD = gnu99;
				GCC_NO_COMMON_BLOCKS = YES;
				GCC_WARN_64_TO_32_BIT_CONVERSION = YES;
				GCC_WARN_ABOUT_RETURN_TYPE = YES_ERROR;
				GCC_WARN_UNDECLARED_SELECTOR = YES;
				GCC_WARN_UNINITIALIZED_AUTOS = YES_AGGRESSIVE;
				GCC_WARN_UNUSED_FUNCTION = YES;
				GCC_WARN_UNUSED_VARIABLE = YES;
				MACOSX_DEPLOYMENT_TARGET = 10.12;
				MTL_ENABLE_DEBUG_INFO = NO;
				SDKROOT = macosx;
			};
			name = Release;
		};
		1DFEA0F71DA0BEC000E16437 /* Debug */ = {
			isa = XCBuildConfiguration;
			buildSettings = {
				PRODUCT_NAME = "$(TARGET_NAME)";
				SWIFT_VERSION = 3.0;
			};
			name = Debug;
		};
		1DFEA0F81DA0BEC000E16437 /* Release */ = {
			isa = XCBuildConfiguration;
			buildSettings = {
				PRODUCT_NAME = "$(TARGET_NAME)";
				SWIFT_VERSION = 3.0;
			};
			name = Release;
		};
/* End XCBuildConfiguration section */

/* Begin XCConfigurationList section */
		1DFEA0EA1DA0BEC000E16437 /* Build configuration list for PBXProject "Adapter" */ = {
			isa = XCConfigurationList;
			buildConfigurations = (
				1DFEA0F41DA0BEC000E16437 /* Debug */,
				1DFEA0F51DA0BEC000E16437 /* Release */,
			);
			defaultConfigurationIsVisible = 0;
			defaultConfigurationName = Release;
		};
		1DFEA0F61DA0BEC000E16437 /* Build configuration list for PBXNativeTarget "Adapter" */ = {
			isa = XCConfigurationList;
			buildConfigurations = (
				1DFEA0F71DA0BEC000E16437 /* Debug */,
				1DFEA0F81DA0BEC000E16437 /* Release */,
			);
			defaultConfigurationIsVisible = 0;
			defaultConfigurationName = Release;
		};
/* End XCConfigurationList section */
	};
	rootObject = 1DFEA0E71DA0BEC000E16437 /* Project object */;
}
